
Microsoft Visual Studio Solution File, Format Version 12.00
# Visual Studio Version 16
VisualStudioVersion = 16.0.31005.135
MinimumVisualStudioVersion = 10.0.40219.1
Project("{9A19103F-16F7-4668-BE54-9A1E7A4F7556}") = "finalGet", "finalGet\finalGet.csproj", "{58DE5F13-30BC-4C39-B916-659D56299A3C}"
EndProject
Project("{9A19103F-16F7-4668-BE54-9A1E7A4F7556}") = "finalGet.Tests", "finalGet.Tests\finalGet.Tests.csproj", "{E362F405-F442-421E-8C8F-63796F0D92B5}"
EndProject
Global
	GlobalSection(SolutionConfigurationPlatforms) = preSolution
		Debug|Any CPU = Debug|Any CPU
		Release|Any CPU = Release|Any CPU
	EndGlobalSection
	GlobalSection(ProjectConfigurationPlatforms) = postSolution
		{58DE5F13-30BC-4C39-B916-659D56299A3C}.Debug|Any CPU.ActiveCfg = Debug|Any CPU
		{58DE5F13-30BC-4C39-B916-659D56299A3C}.Debug|Any CPU.Build.0 = Debug|Any CPU
		{58DE5F13-30BC-4C39-B916-659D56299A3C}.Release|Any CPU.ActiveCfg = Release|Any CPU
		{58DE5F13-30BC-4C39-B916-659D56299A3C}.Release|Any CPU.Build.0 = Release|Any CPU
		{E362F405-F442-421E-8C8F-63796F0D92B5}.Debug|Any CPU.ActiveCfg = Debug|Any CPU
		{E362F405-F442-421E-8C8F-63796F0D92B5}.Debug|Any CPU.Build.0 = Debug|Any CPU
		{E362F405-F442-421E-8C8F-63796F0D92B5}.Release|Any CPU.ActiveCfg = Release|Any CPU
		{E362F405-F442-421E-8C8F-63796F0D92B5}.Release|Any CPU.Build.0 = Release|Any CPU
	EndGlobalSection
	GlobalSection(SolutionProperties) = preSolution
		HideSolutionNode = FALSE
	EndGlobalSection
	GlobalSection(ExtensibilityGlobals) = postSolution
		SolutionGuid = {F96C43E3-A9D4-4850-9AE2-78EC30D30767}
	EndGlobalSection
EndGlobal
